[{<<"basho_stats">>,
  {git,"git://github.com/basho/basho_stats.git",
       {ref,"19c532af235ae675439d491b329c55c2f9b02deb"}},
  2},
 {<<"bear">>,
  {git,"git://github.com/basho/bear.git",
       {ref,"da820a13c607c3f816ee8b83c587266da5389761"}},
  4},
 {<<"clique">>,
  {git,"git://github.com/basho/clique.git",
       {ref,"0063cbe2c97aa3f00c1cb289678482cbc5524bc1"}},
  2},
 {<<"cowboy">>,
  {git,"https://github.com/extend/cowboy",
       {ref,"90ae31998e8d0887b9efe4b441136ac047708bb9"}},
  1},
 {<<"cowlib">>,
  {git,"https://github.com/ninenines/cowlib.git",
       {ref,"14e597baa42a436469f99661ed7994685e269dc2"}},
  1},
 {<<"cuttlefish">>,
  {git,"git://github.com/basho/cuttlefish.git",
       {ref,"a463682ba86e9f49404dd72bb052e6e0c4b40839"}},
  2},
 {<<"edown">>,
  {git,"git://github.com/uwiger/edown.git",
       {ref,"d864427506cd93a00712b7c3b9a89d793e7e1600"}},
  1},
 {<<"eleveldb">>,
  {git,"git://github.com/basho/eleveldb.git",
       {ref,"f49144611501aa1443db4ac1b355c21562e68345"}},
  1},
 {<<"eper">>,
  {git,"git://github.com/yurrriq/eper.git",
       {ref,"f7a1b4504f5eefc61fb9da7101fdaccc687021cd"}},
  0},
 {<<"exometer_core">>,
  {git,"git://github.com/basho/exometer_core.git",
       {ref,"b47a5d65d9500c2b8f6ccc50e34005503589ef77"}},
  2},
 {<<"folsom">>,
  {git,"git://github.com/basho/folsom.git",
       {ref,"72944523b6467c9f7add5f1c96dd5020424a2681"}},
  3},
 {<<"getopt">>,
  {git,"git://github.com/jcomellas/getopt.git",
       {ref,"388dc95caa7fb97ec7db8cfc39246a36aba61bd8"}},
  3},
 {<<"goldrush">>,
  {git,"git://github.com/DeadZen/goldrush.git",
       {ref,"212299233c7e7eb63a97be2777e1c05ebaa58dbe"}},
  1},
 {<<"gun">>,
  {git,"https://github.com/ninenines/gun.git",
       {ref,"427230d6f94f5b8a396fd504a73d73d1d65ab0a7"}},
  1},
 {<<"json">>,
  {git,"git://github.com/talentdeficit/json.git",
       {ref,"94d6abd350003566c53c232a0526a0f7e2c7dfb5"}},
  2},
 {<<"jsonfilter">>,
  {git,"git://github.com/talentdeficit/jsonfilter.git",
       {ref,"3e4a09467b9a22ce2c1c9f4af270d71e4ec342a7"}},
  3},
 {<<"jsonpointer">>,
  {git,"git://github.com/talentdeficit/jsonpointer.git",
       {ref,"b6942f06bdaab9f6d25f3906fe245085e70db663"}},
  3},
 {<<"jsx">>,
  {git,"git://github.com/talentdeficit/jsx.git",
       {ref,"3074d4865b3385a050badf7828ad31490d860df5"}},
  3},
 {<<"lager">>,
  {git,"git://github.com/basho/lager.git",
       {ref,"b2cb2735713e3021e0761623ff595d53a545438e"}},
  0},
 {<<"meck">>,
  {git,"git://github.com/basho/meck.git",
       {ref,"dde759050eff19a1a80fd854d7375174b191665d"}},
  4},
 {<<"neotoma">>,
  {git,"git://github.com/seancribbs/neotoma.git",
       {ref,"6ac6007c7713712a80096de5c7cdf5b85b01374e"}},
  3},
 {<<"nkdist">>,
  {git,"git://github.com/yurrriq/nkdist.git",
       {ref,"6acb6e65d918e442729b4a6784aae96eed19ade5"}},
  0},
 {<<"nkdocker">>,
  {git,"git://github.com/yurrriq/nkdocker.git",
       {ref,"f0fc3f866ecf9ded00c3eaaef2402afefc56f77f"}},
  0},
 {<<"nklib">>,
  {git,"git://github.com/yurrriq/nklib.git",
       {ref,"586add0c6c07fab230518cd88c9d8b4071ea72b1"}},
  1},
 {<<"nkpacket">>,
  {git,"git://github.com/yurrriq/nkpacket.git",
       {ref,"b2869f68060f779da56f63d0ff5e8c58a011d32c"}},
  0},
 {<<"parse_trans">>,
  {git,"git://github.com/uwiger/parse_trans.git",
       {ref,"82cc00264aa1bad8fc5c0739b7541feb4a843432"}},
  3},
 {<<"pbkdf2">>,
  {git,"git://github.com/basho/erlang-pbkdf2.git",
       {ref,"7076584f5377e98600a7e2cb81980b2992fb2f71"}},
  2},
 {<<"poolboy">>,
  {git,"git://github.com/basho/poolboy.git",
       {ref,"8bb45fbc715c5f493642a1cc572ec7017d0d5fa3"}},
  2},
 {<<"ranch">>,
  {git,"https://github.com/ninenines/ranch.git",
       {ref,"741bfb73ca663394ecf7a73410506d66f01985a6"}},
  1},
 {<<"riak_core">>,
  {git,"git://github.com/basho/riak_core",
       {ref,"e86aaa62c80a3774ff7c3f74e71e54fa50c93663"}},
  1},
 {<<"riak_dt">>,
  {git,"git://github.com/basho/riak_dt",
       {ref,"a2986bccd1cc42facdfe739495c6d13762ae0f37"}},
  1},
 {<<"riak_ensemble">>,
  {git,"git://github.com/yurrriq/riak_ensemble",
       {ref,"95ef6740b556cf3ec4d7f4ea4324bbcefb6e641a"}},
  1},
 {<<"riak_sysmon">>,
  {git,"git://github.com/basho/riak_sysmon.git",
       {ref,"df6e244a5727d6b1bc035fdd0e8cdcde12bcc98a"}},
  2},
 {<<"setup">>,
  {git,"git://github.com/uwiger/setup.git",
       {ref,"51ee7c9f64d2bbe9dcbb58c278e8fbfd4d0ca5e2"}},
  3},
 {<<"sext">>,
  {git,"git://github.com/uwiger/sext.git",
       {ref,"35520daea8ddc48569249ad19637f4cc75fbd03d"}},
  1},
 {<<"time_compat">>,
  {git,"git://github.com/lasp-lang/time_compat.git",
       {ref,"6007f68892104ebb6fa2366cebf9d928d8856273"}},
  2}].
